
Microsoft Visual Studio Solution File, Format Version 12.00
# Visual Studio Version 17
VisualStudioVersion = 17.0.32112.339
MinimumVisualStudioVersion = 10.0.40219.1
Project("{9A19103F-16F7-4668-BE54-9A1E7A4F7556}") = "AnonTesting.DAL", "AnonTesting.DAL\AnonTesting.DAL.csproj", "{A57C0BC0-C59F-4C2B-AB8D-C0B73934C9AA}"
EndProject
Project("{9A19103F-16F7-4668-BE54-9A1E7A4F7556}") = "AnonTesting.DAL.Tests", "AnonTesting.DAL.Tests\AnonTesting.DAL.Tests.csproj", "{61BD34E5-411B-47D2-BA6A-FAB34D58B3CB}"
EndProject
Project("{9A19103F-16F7-4668-BE54-9A1E7A4F7556}") = "AnonTesting.BLL", "AnonTesting.BLL\AnonTesting.BLL.csproj", "{D29B88C0-079E-4A77-8E04-3428C7D6A370}"
EndProject
Project("{9A19103F-16F7-4668-BE54-9A1E7A4F7556}") = "AnonTesting.BLL.Tests", "AnonTesting.BLL.Tests\AnonTesting.BLL.Tests.csproj", "{C4D3BACB-ABD3-445F-98B6-A46D48D8C2A5}"
EndProject
Global
	GlobalSection(SolutionConfigurationPlatforms) = preSolution
		Debug|Any CPU = Debug|Any CPU
		Release|Any CPU = Release|Any CPU
	EndGlobalSection
	GlobalSection(ProjectConfigurationPlatforms) = postSolution
		{A57C0BC0-C59F-4C2B-AB8D-C0B73934C9AA}.Debug|Any CPU.ActiveCfg = Debug|Any CPU
		{A57C0BC0-C59F-4C2B-AB8D-C0B73934C9AA}.Debug|Any CPU.Build.0 = Debug|Any CPU
		{A57C0BC0-C59F-4C2B-AB8D-C0B73934C9AA}.Release|Any CPU.ActiveCfg = Release|Any CPU
		{A57C0BC0-C59F-4C2B-AB8D-C0B73934C9AA}.Release|Any CPU.Build.0 = Release|Any CPU
		{61BD34E5-411B-47D2-BA6A-FAB34D58B3CB}.Debug|Any CPU.ActiveCfg = Debug|Any CPU
		{61BD34E5-411B-47D2-BA6A-FAB34D58B3CB}.Debug|Any CPU.Build.0 = Debug|Any CPU
		{61BD34E5-411B-47D2-BA6A-FAB34D58B3CB}.Release|Any CPU.ActiveCfg = Release|Any CPU
		{61BD34E5-411B-47D2-BA6A-FAB34D58B3CB}.Release|Any CPU.Build.0 = Release|Any CPU
		{D29B88C0-079E-4A77-8E04-3428C7D6A370}.Debug|Any CPU.ActiveCfg = Debug|Any CPU
		{D29B88C0-079E-4A77-8E04-3428C7D6A370}.Debug|Any CPU.Build.0 = Debug|Any CPU
		{D29B88C0-079E-4A77-8E04-3428C7D6A370}.Release|Any CPU.ActiveCfg = Release|Any CPU
		{D29B88C0-079E-4A77-8E04-3428C7D6A370}.Release|Any CPU.Build.0 = Release|Any CPU
		{C4D3BACB-ABD3-445F-98B6-A46D48D8C2A5}.Debug|Any CPU.ActiveCfg = Debug|Any CPU
		{C4D3BACB-ABD3-445F-98B6-A46D48D8C2A5}.Debug|Any CPU.Build.0 = Debug|Any CPU
		{C4D3BACB-ABD3-445F-98B6-A46D48D8C2A5}.Release|Any CPU.ActiveCfg = Release|Any CPU
		{C4D3BACB-ABD3-445F-98B6-A46D48D8C2A5}.Release|Any CPU.Build.0 = Release|Any CPU
	EndGlobalSection
	GlobalSection(SolutionProperties) = preSolution
		HideSolutionNode = FALSE
	EndGlobalSection
	GlobalSection(ExtensibilityGlobals) = postSolution
		SolutionGuid = {F2795B92-F7BC-40A0-8115-903421BDA298}
	EndGlobalSection
EndGlobal
